github.com/felixge/httpsnoop v1.0.1 h1:lvB5Jl89CsZtGIWuTcDM1E/vkVs49/Ml7JJe07l8SPQ=
github.com/felixge/httpsnoop v1.0.1/go.mod h1:m8KPJKqk1gH5J9DgRY2ASl2lWCfGKXixSwevea8zH2U=
github.com/gorilla/handlers v1.5.1 h1:9lRY6j8DEeeBT10CvO9hGW0gmky0BprnvDI5vfhUHH4=
github.com/gorilla/handlers v1.5.1/go.mod h1:t8XrUpc4KVXb7HGyJ4/cEnwQiaxrX/hz1Zv/4g96P1Q=
github.com/gorilla/mux v1.8.0 h1:i40aqfkR1h2SlN9hojwV5ZA91wcXFOvkdNIeFDP5koI=
github.com/gorilla/mux v1.8.0/go.mod h1:DVbg23sWSpFRCP0SfiEN6jmj59UnW/n46BH5rLB71So=
github.com/joho/godotenv v1.4.0 h1:3l4+N6zfMWnkbPEXKng2o2/MR5mSwTrBih4ZEkkz1lg=
github.com/joho/godotenv v1.4.0/go.mod h1:f4LDr5Voq0i2e/R5DDNOoa2zzDfwtkZa6DnEwAbqwq4=
github.com/possawang/go-service-lib-common v0.0.0-20220411152918-6f2d755aa3d4 h1:AMfNocmZ6/0lNmLGbfIpzx2QkNtOTzqhqH4EK8OXdgs=
github.com/possawang/go-service-lib-common v0.0.0-20220411152918-6f2d755aa3d4/go.mod h1:y54AH4/iyEFzMPosUBguBz5Tr6+dsHAMqXFpVQrRtQs=
github.com/possawang/go-service-lib-common v0.0.1 h1:Z7Cj23D991Pik3JK3oNJwbuMjGoXRiHCyr1bbFyvubE=
github.com/possawang/go-service-lib-common v0.0.1/go.mod h1:sFl0ZQcEYdUIeggjcs1YMew041Ft5vYe6hp4bbuSOcE=
